
Microsoft Visual Studio Solution File, Format Version 12.00
# Visual Studio 15
VisualStudioVersion = 15.0.26430.14
MinimumVisualStudioVersion = 10.0.40219.1
Project("{FAE04EC0-301F-11D3-BF4B-00C04F79EFBC}") = "XamarinSample.Backend", "XamarinSample.Backend\XamarinSample.Backend.csproj", "{C1945C35-F69C-46A6-BF27-27034AAC85E0}"
EndProject
Project("{FAE04EC0-301F-11D3-BF4B-00C04F79EFBC}") = "XamarinSample.Backend.Tests", "XamarinSample.Backend.Tests\XamarinSample.Backend.Tests.csproj", "{9B888160-81DB-48F6-9C76-FF7844F34541}"
EndProject
Project("{2150E333-8FDC-42A3-9474-1A3956D46DE8}") = "3 - Presentation", "3 - Presentation", "{16DF18AF-3AA8-4814-9BBA-CEEDADF6FC32}"
EndProject
Project("{2150E333-8FDC-42A3-9474-1A3956D46DE8}") = "3.1 - Backend", "3.1 - Backend", "{83128FF7-6D49-4616-83C7-7D64815094EB}"
EndProject
Project("{2150E333-8FDC-42A3-9474-1A3956D46DE8}") = "3.2 - Mobile", "3.2 - Mobile", "{C9FD27B3-E49B-4597-85FC-6D164300D194}"
EndProject
Project("{2150E333-8FDC-42A3-9474-1A3956D46DE8}") = "1 - Core", "1 - Core", "{55A66013-3245-43CF-9B0F-BFC490A442D8}"
EndProject
Project("{2150E333-8FDC-42A3-9474-1A3956D46DE8}") = "2 - Platforms", "2 - Platforms", "{6CBABE32-8001-426B-B844-7CB2AE3D1F41}"
EndProject
Project("{FAE04EC0-301F-11D3-BF4B-00C04F79EFBC}") = "XamarinSample.Mobile.Android", "XamarinSample.Mobile\XamarinSample.Mobile.Android\XamarinSample.Mobile.Android.csproj", "{70706149-CD69-408E-943A-8229C6362C81}"
EndProject
Project("{FAE04EC0-301F-11D3-BF4B-00C04F79EFBC}") = "XamarinSample.Mobile", "XamarinSample.Mobile\XamarinSample.Mobile\XamarinSample.Mobile.csproj", "{E76D5E1E-FDC5-410C-A469-5163CCD84374}"
EndProject
Project("{FAE04EC0-301F-11D3-BF4B-00C04F79EFBC}") = "XamarinSample.Mobile.UWP", "XamarinSample.Mobile\XamarinSample.Mobile.UWP\XamarinSample.Mobile.UWP.csproj", "{160D2ACB-50B9-47C9-AE1D-C9D14C71DD49}"
EndProject
Project("{FAE04EC0-301F-11D3-BF4B-00C04F79EFBC}") = "XamarinSample.Mobile.iOS", "XamarinSample.Mobile\XamarinSample.Mobile.iOS\XamarinSample.Mobile.iOS.csproj", "{BBD2397F-6BE6-476B-8E4A-D535416C07C7}"
EndProject
Global
	GlobalSection(SolutionConfigurationPlatforms) = preSolution
		Ad-Hoc|Any CPU = Ad-Hoc|Any CPU
		Ad-Hoc|ARM = Ad-Hoc|ARM
		Ad-Hoc|iPhone = Ad-Hoc|iPhone
		Ad-Hoc|iPhoneSimulator = Ad-Hoc|iPhoneSimulator
		Ad-Hoc|x64 = Ad-Hoc|x64
		Ad-Hoc|x86 = Ad-Hoc|x86
		AppStore|Any CPU = AppStore|Any CPU
		AppStore|ARM = AppStore|ARM
		AppStore|iPhone = AppStore|iPhone
		AppStore|iPhoneSimulator = AppStore|iPhoneSimulator
		AppStore|x64 = AppStore|x64
		AppStore|x86 = AppStore|x86
		Debug|Any CPU = Debug|Any CPU
		Debug|ARM = Debug|ARM
		Debug|iPhone = Debug|iPhone
		Debug|iPhoneSimulator = Debug|iPhoneSimulator
		Debug|x64 = Debug|x64
		Debug|x86 = Debug|x86
		Release|Any CPU = Release|Any CPU
		Release|ARM = Release|ARM
		Release|iPhone = Release|iPhone
		Release|iPhoneSimulator = Release|iPhoneSimulator
		Release|x64 = Release|x64
		Release|x86 = Release|x86
	EndGlobalSection
	GlobalSection(ProjectConfigurationPlatforms) = postSolution
		{C1945C35-F69C-46A6-BF27-27034AAC85E0}.Ad-Hoc|Any CPU.ActiveCfg = Release|Any CPU
		{C1945C35-F69C-46A6-BF27-27034AAC85E0}.Ad-Hoc|Any CPU.Build.0 = Release|Any CPU
		{C1945C35-F69C-46A6-BF27-27034AAC85E0}.Ad-Hoc|ARM.ActiveCfg = Release|Any CPU
		{C1945C35-F69C-46A6-BF27-27034AAC85E0}.Ad-Hoc|ARM.Build.0 = Release|Any CPU
		{C1945C35-F69C-46A6-BF27-27034AAC85E0}.Ad-Hoc|iPhone.ActiveCfg = Release|Any CPU
		{C1945C35-F69C-46A6-BF27-27034AAC85E0}.Ad-Hoc|iPhone.Build.0 = Release|Any CPU
		{C1945C35-F69C-46A6-BF27-27034AAC85E0}.Ad-Hoc|iPhoneSimulator.ActiveCfg = Release|Any CPU
		{C1945C35-F69C-46A6-BF27-27034AAC85E0}.Ad-Hoc|iPhoneSimulator.Build.0 = Release|Any CPU
		{C1945C35-F69C-46A6-BF27-27034AAC85E0}.Ad-Hoc|x64.ActiveCfg = Release|Any CPU
		{C1945C35-F69C-46A6-BF27-27034AAC85E0}.Ad-Hoc|x64.Build.0 = Release|Any CPU
		{C1945C35-F69C-46A6-BF27-27034AAC85E0}.Ad-Hoc|x86.ActiveCfg = Release|Any CPU
		{C1945C35-F69C-46A6-BF27-27034AAC85E0}.Ad-Hoc|x86.Build.0 = Release|Any CPU
		{C1945C35-F69C-46A6-BF27-27034AAC85E0}.AppStore|Any CPU.ActiveCfg = Release|Any CPU
		{C1945C35-F69C-46A6-BF27-27034AAC85E0}.AppStore|Any CPU.Build.0 = Release|Any CPU
		{C1945C35-F69C-46A6-BF27-27034AAC85E0}.AppStore|ARM.ActiveCfg = Release|Any CPU
		{C1945C35-F69C-46A6-BF27-27034AAC85E0}.AppStore|ARM.Build.0 = Release|Any CPU
		{C1945C35-F69C-46A6-BF27-27034AAC85E0}.AppStore|iPhone.ActiveCfg = Release|Any CPU
		{C1945C35-F69C-46A6-BF27-27034AAC85E0}.AppStore|iPhone.Build.0 = Release|Any CPU
		{C1945C35-F69C-46A6-BF27-27034AAC85E0}.AppStore|iPhoneSimulator.ActiveCfg = Release|Any CPU
		{C1945C35-F69C-46A6-BF27-27034AAC85E0}.AppStore|iPhoneSimulator.Build.0 = Release|Any CPU
		{C1945C35-F69C-46A6-BF27-27034AAC85E0}.AppStore|x64.ActiveCfg = Release|Any CPU
		{C1945C35-F69C-46A6-BF27-27034AAC85E0}.AppStore|x64.Build.0 = Release|Any CPU
		{C1945C35-F69C-46A6-BF27-27034AAC85E0}.AppStore|x86.ActiveCfg = Release|Any CPU
		{C1945C35-F69C-46A6-BF27-27034AAC85E0}.AppStore|x86.Build.0 = Release|Any CPU
		{C1945C35-F69C-46A6-BF27-27034AAC85E0}.Debug|Any CPU.ActiveCfg = Debug|Any CPU
		{C1945C35-F69C-46A6-BF27-27034AAC85E0}.Debug|Any CPU.Build.0 = Debug|Any CPU
		{C1945C35-F69C-46A6-BF27-27034AAC85E0}.Debug|ARM.ActiveCfg = Debug|Any CPU
		{C1945C35-F69C-46A6-BF27-27034AAC85E0}.Debug|ARM.Build.0 = Debug|Any CPU
		{C1945C35-F69C-46A6-BF27-27034AAC85E0}.Debug|iPhone.ActiveCfg = Debug|Any CPU
		{C1945C35-F69C-46A6-BF27-27034AAC85E0}.Debug|iPhone.Build.0 = Debug|Any CPU
		{C1945C35-F69C-46A6-BF27-27034AAC85E0}.Debug|iPhoneSimulator.ActiveCfg = Debug|Any CPU
		{C1945C35-F69C-46A6-BF27-27034AAC85E0}.Debug|iPhoneSimulator.Build.0 = Debug|Any CPU
		{C1945C35-F69C-46A6-BF27-27034AAC85E0}.Debug|x64.ActiveCfg = Debug|Any CPU
		{C1945C35-F69C-46A6-BF27-27034AAC85E0}.Debug|x64.Build.0 = Debug|Any CPU
		{C1945C35-F69C-46A6-BF27-27034AAC85E0}.Debug|x86.ActiveCfg = Debug|Any CPU
		{C1945C35-F69C-46A6-BF27-27034AAC85E0}.Debug|x86.Build.0 = Debug|Any CPU
		{C1945C35-F69C-46A6-BF27-27034AAC85E0}.Release|Any CPU.ActiveCfg = Release|Any CPU
		{C1945C35-F69C-46A6-BF27-27034AAC85E0}.Release|Any CPU.Build.0 = Release|Any CPU
		{C1945C35-F69C-46A6-BF27-27034AAC85E0}.Release|ARM.ActiveCfg = Release|Any CPU
		{C1945C35-F69C-46A6-BF27-27034AAC85E0}.Release|ARM.Build.0 = Release|Any CPU
		{C1945C35-F69C-46A6-BF27-27034AAC85E0}.Release|iPhone.ActiveCfg = Release|Any CPU
		{C1945C35-F69C-46A6-BF27-27034AAC85E0}.Release|iPhone.Build.0 = Release|Any CPU
		{C1945C35-F69C-46A6-BF27-27034AAC85E0}.Release|iPhoneSimulator.ActiveCfg = Release|Any CPU
		{C1945C35-F69C-46A6-BF27-27034AAC85E0}.Release|iPhoneSimulator.Build.0 = Release|Any CPU
		{C1945C35-F69C-46A6-BF27-27034AAC85E0}.Release|x64.ActiveCfg = Release|Any CPU
		{C1945C35-F69C-46A6-BF27-27034AAC85E0}.Release|x64.Build.0 = Release|Any CPU
		{C1945C35-F69C-46A6-BF27-27034AAC85E0}.Release|x86.ActiveCfg = Release|Any CPU
		{C1945C35-F69C-46A6-BF27-27034AAC85E0}.Release|x86.Build.0 = Release|Any CPU
		{9B888160-81DB-48F6-9C76-FF7844F34541}.Ad-Hoc|Any CPU.ActiveCfg = Release|Any CPU
		{9B888160-81DB-48F6-9C76-FF7844F34541}.Ad-Hoc|Any CPU.Build.0 = Release|Any CPU
		{9B888160-81DB-48F6-9C76-FF7844F34541}.Ad-Hoc|ARM.ActiveCfg = Release|Any CPU
		{9B888160-81DB-48F6-9C76-FF7844F34541}.Ad-Hoc|ARM.Build.0 = Release|Any CPU
		{9B888160-81DB-48F6-9C76-FF7844F34541}.Ad-Hoc|iPhone.ActiveCfg = Release|Any CPU
		{9B888160-81DB-48F6-9C76-FF7844F34541}.Ad-Hoc|iPhone.Build.0 = Release|Any CPU
		{9B888160-81DB-48F6-9C76-FF7844F34541}.Ad-Hoc|iPhoneSimulator.ActiveCfg = Release|Any CPU
		{9B888160-81DB-48F6-9C76-FF7844F34541}.Ad-Hoc|iPhoneSimulator.Build.0 = Release|Any CPU
		{9B888160-81DB-48F6-9C76-FF7844F34541}.Ad-Hoc|x64.ActiveCfg = Release|Any CPU
		{9B888160-81DB-48F6-9C76-FF7844F34541}.Ad-Hoc|x64.Build.0 = Release|Any CPU
		{9B888160-81DB-48F6-9C76-FF7844F34541}.Ad-Hoc|x86.ActiveCfg = Release|Any CPU
		{9B888160-81DB-48F6-9C76-FF7844F34541}.Ad-Hoc|x86.Build.0 = Release|Any CPU
		{9B888160-81DB-48F6-9C76-FF7844F34541}.AppStore|Any CPU.ActiveCfg = Release|Any CPU
		{9B888160-81DB-48F6-9C76-FF7844F34541}.AppStore|Any CPU.Build.0 = Release|Any CPU
		{9B888160-81DB-48F6-9C76-FF7844F34541}.AppStore|ARM.ActiveCfg = Release|Any CPU
		{9B888160-81DB-48F6-9C76-FF7844F34541}.AppStore|ARM.Build.0 = Release|Any CPU
		{9B888160-81DB-48F6-9C76-FF7844F34541}.AppStore|iPhone.ActiveCfg = Release|Any CPU
		{9B888160-81DB-48F6-9C76-FF7844F34541}.AppStore|iPhone.Build.0 = Release|Any CPU
		{9B888160-81DB-48F6-9C76-FF7844F34541}.AppStore|iPhoneSimulator.ActiveCfg = Release|Any CPU
		{9B888160-81DB-48F6-9C76-FF7844F34541}.AppStore|iPhoneSimulator.Build.0 = Release|Any CPU
		{9B888160-81DB-48F6-9C76-FF7844F34541}.AppStore|x64.ActiveCfg = Release|Any CPU
		{9B888160-81DB-48F6-9C76-FF7844F34541}.AppStore|x64.Build.0 = Release|Any CPU
		{9B888160-81DB-48F6-9C76-FF7844F34541}.AppStore|x86.ActiveCfg = Release|Any CPU
		{9B888160-81DB-48F6-9C76-FF7844F34541}.AppStore|x86.Build.0 = Release|Any CPU
		{9B888160-81DB-48F6-9C76-FF7844F34541}.Debug|Any CPU.ActiveCfg = Debug|Any CPU
		{9B888160-81DB-48F6-9C76-FF7844F34541}.Debug|Any CPU.Build.0 = Debug|Any CPU
		{9B888160-81DB-48F6-9C76-FF7844F34541}.Debug|ARM.ActiveCfg = Debug|Any CPU
		{9B888160-81DB-48F6-9C76-FF7844F34541}.Debug|ARM.Build.0 = Debug|Any CPU
		{9B888160-81DB-48F6-9C76-FF7844F34541}.Debug|iPhone.ActiveCfg = Debug|Any CPU
		{9B888160-81DB-48F6-9C76-FF7844F34541}.Debug|iPhone.Build.0 = Debug|Any CPU
		{9B888160-81DB-48F6-9C76-FF7844F34541}.Debug|iPhoneSimulator.ActiveCfg = Debug|Any CPU
		{9B888160-81DB-48F6-9C76-FF7844F34541}.Debug|iPhoneSimulator.Build.0 = Debug|Any CPU
		{9B888160-81DB-48F6-9C76-FF7844F34541}.Debug|x64.ActiveCfg = Debug|Any CPU
		{9B888160-81DB-48F6-9C76-FF7844F34541}.Debug|x64.Build.0 = Debug|Any CPU
		{9B888160-81DB-48F6-9C76-FF7844F34541}.Debug|x86.ActiveCfg = Debug|Any CPU
		{9B888160-81DB-48F6-9C76-FF7844F34541}.Debug|x86.Build.0 = Debug|Any CPU
		{9B888160-81DB-48F6-9C76-FF7844F34541}.Release|Any CPU.ActiveCfg = Release|Any CPU
		{9B888160-81DB-48F6-9C76-FF7844F34541}.Release|Any CPU.Build.0 = Release|Any CPU
		{9B888160-81DB-48F6-9C76-FF7844F34541}.Release|ARM.ActiveCfg = Release|Any CPU
		{9B888160-81DB-48F6-9C76-FF7844F34541}.Release|ARM.Build.0 = Release|Any CPU
		{9B888160-81DB-48F6-9C76-FF7844F34541}.Release|iPhone.ActiveCfg = Release|Any CPU
		{9B888160-81DB-48F6-9C76-FF7844F34541}.Release|iPhone.Build.0 = Release|Any CPU
		{9B888160-81DB-48F6-9C76-FF7844F34541}.Release|iPhoneSimulator.ActiveCfg = Release|Any CPU
		{9B888160-81DB-48F6-9C76-FF7844F34541}.Release|iPhoneSimulator.Build.0 = Release|Any CPU
		{9B888160-81DB-48F6-9C76-FF7844F34541}.Release|x64.ActiveCfg = Release|Any CPU
		{9B888160-81DB-48F6-9C76-FF7844F34541}.Release|x64.Build.0 = Release|Any CPU
		{9B888160-81DB-48F6-9C76-FF7844F34541}.Release|x86.ActiveCfg = Release|Any CPU
		{9B888160-81DB-48F6-9C76-FF7844F34541}.Release|x86.Build.0 = Release|Any CPU
		{70706149-CD69-408E-943A-8229C6362C81}.Ad-Hoc|Any CPU.ActiveCfg = Release|Any CPU
		{70706149-CD69-408E-943A-8229C6362C81}.Ad-Hoc|Any CPU.Build.0 = Release|Any CPU
		{70706149-CD69-408E-943A-8229C6362C81}.Ad-Hoc|Any CPU.Deploy.0 = Release|Any CPU
		{70706149-CD69-408E-943A-8229C6362C81}.Ad-Hoc|ARM.ActiveCfg = Release|Any CPU
		{70706149-CD69-408E-943A-8229C6362C81}.Ad-Hoc|ARM.Build.0 = Release|Any CPU
		{70706149-CD69-408E-943A-8229C6362C81}.Ad-Hoc|ARM.Deploy.0 = Release|Any CPU
		{70706149-CD69-408E-943A-8229C6362C81}.Ad-Hoc|iPhone.ActiveCfg = Release|Any CPU
		{70706149-CD69-408E-943A-8229C6362C81}.Ad-Hoc|iPhone.Build.0 = Release|Any CPU
		{70706149-CD69-408E-943A-8229C6362C81}.Ad-Hoc|iPhone.Deploy.0 = Release|Any CPU
		{70706149-CD69-408E-943A-8229C6362C81}.Ad-Hoc|iPhoneSimulator.ActiveCfg = Release|Any CPU
		{70706149-CD69-408E-943A-8229C6362C81}.Ad-Hoc|iPhoneSimulator.Build.0 = Release|Any CPU
		{70706149-CD69-408E-943A-8229C6362C81}.Ad-Hoc|iPhoneSimulator.Deploy.0 = Release|Any CPU
		{70706149-CD69-408E-943A-8229C6362C81}.Ad-Hoc|x64.ActiveCfg = Release|Any CPU
		{70706149-CD69-408E-943A-8229C6362C81}.Ad-Hoc|x64.Build.0 = Release|Any CPU
		{70706149-CD69-408E-943A-8229C6362C81}.Ad-Hoc|x64.Deploy.0 = Release|Any CPU
		{70706149-CD69-408E-943A-8229C6362C81}.Ad-Hoc|x86.ActiveCfg = Release|Any CPU
		{70706149-CD69-408E-943A-8229C6362C81}.Ad-Hoc|x86.Build.0 = Release|Any CPU
		{70706149-CD69-408E-943A-8229C6362C81}.Ad-Hoc|x86.Deploy.0 = Release|Any CPU
		{70706149-CD69-408E-943A-8229C6362C81}.AppStore|Any CPU.ActiveCfg = Release|Any CPU
		{70706149-CD69-408E-943A-8229C6362C81}.AppStore|Any CPU.Build.0 = Release|Any CPU
		{70706149-CD69-408E-943A-8229C6362C81}.AppStore|Any CPU.Deploy.0 = Release|Any CPU
		{70706149-CD69-408E-943A-8229C6362C81}.AppStore|ARM.ActiveCfg = Release|Any CPU
		{70706149-CD69-408E-943A-8229C6362C81}.AppStore|ARM.Build.0 = Release|Any CPU
		{70706149-CD69-408E-943A-8229C6362C81}.AppStore|ARM.Deploy.0 = Release|Any CPU
		{70706149-CD69-408E-943A-8229C6362C81}.AppStore|iPhone.ActiveCfg = Release|Any CPU
		{70706149-CD69-408E-943A-8229C6362C81}.AppStore|iPhone.Build.0 = Release|Any CPU
		{70706149-CD69-408E-943A-8229C6362C81}.AppStore|iPhone.Deploy.0 = Release|Any CPU
		{70706149-CD69-408E-943A-8229C6362C81}.AppStore|iPhoneSimulator.ActiveCfg = Release|Any CPU
		{70706149-CD69-408E-943A-8229C6362C81}.AppStore|iPhoneSimulator.Build.0 = Release|Any CPU
		{70706149-CD69-408E-943A-8229C6362C81}.AppStore|iPhoneSimulator.Deploy.0 = Release|Any CPU
		{70706149-CD69-408E-943A-8229C6362C81}.AppStore|x64.ActiveCfg = Release|Any CPU
		{70706149-CD69-408E-943A-8229C6362C81}.AppStore|x64.Build.0 = Release|Any CPU
		{70706149-CD69-408E-943A-8229C6362C81}.AppStore|x64.Deploy.0 = Release|Any CPU
		{70706149-CD69-408E-943A-8229C6362C81}.AppStore|x86.ActiveCfg = Release|Any CPU
		{70706149-CD69-408E-943A-8229C6362C81}.AppStore|x86.Build.0 = Release|Any CPU
		{70706149-CD69-408E-943A-8229C6362C81}.AppStore|x86.Deploy.0 = Release|Any CPU
		{70706149-CD69-408E-943A-8229C6362C81}.Debug|Any CPU.ActiveCfg = Debug|Any CPU
		{70706149-CD69-408E-943A-8229C6362C81}.Debug|Any CPU.Build.0 = Debug|Any CPU
		{70706149-CD69-408E-943A-8229C6362C81}.Debug|Any CPU.Deploy.0 = Debug|Any CPU
		{70706149-CD69-408E-943A-8229C6362C81}.Debug|ARM.ActiveCfg = Debug|Any CPU
		{70706149-CD69-408E-943A-8229C6362C81}.Debug|ARM.Build.0 = Debug|Any CPU
		{70706149-CD69-408E-943A-8229C6362C81}.Debug|ARM.Deploy.0 = Debug|Any CPU
		{70706149-CD69-408E-943A-8229C6362C81}.Debug|iPhone.ActiveCfg = Debug|Any CPU
		{70706149-CD69-408E-943A-8229C6362C81}.Debug|iPhone.Build.0 = Debug|Any CPU
		{70706149-CD69-408E-943A-8229C6362C81}.Debug|iPhone.Deploy.0 = Debug|Any CPU
		{70706149-CD69-408E-943A-8229C6362C81}.Debug|iPhoneSimulator.ActiveCfg = Debug|Any CPU
		{70706149-CD69-408E-943A-8229C6362C81}.Debug|iPhoneSimulator.Build.0 = Debug|Any CPU
		{70706149-CD69-408E-943A-8229C6362C81}.Debug|iPhoneSimulator.Deploy.0 = Debug|Any CPU
		{70706149-CD69-408E-943A-8229C6362C81}.Debug|x64.ActiveCfg = Debug|Any CPU
		{70706149-CD69-408E-943A-8229C6362C81}.Debug|x64.Build.0 = Debug|Any CPU
		{70706149-CD69-408E-943A-8229C6362C81}.Debug|x64.Deploy.0 = Debug|Any CPU
		{70706149-CD69-408E-943A-8229C6362C81}.Debug|x86.ActiveCfg = Debug|Any CPU
		{70706149-CD69-408E-943A-8229C6362C81}.Debug|x86.Build.0 = Debug|Any CPU
		{70706149-CD69-408E-943A-8229C6362C81}.Debug|x86.Deploy.0 = Debug|Any CPU
		{70706149-CD69-408E-943A-8229C6362C81}.Release|Any CPU.ActiveCfg = Release|Any CPU
		{70706149-CD69-408E-943A-8229C6362C81}.Release|Any CPU.Build.0 = Release|Any CPU
		{70706149-CD69-408E-943A-8229C6362C81}.Release|Any CPU.Deploy.0 = Release|Any CPU
		{70706149-CD69-408E-943A-8229C6362C81}.Release|ARM.ActiveCfg = Release|Any CPU
		{70706149-CD69-408E-943A-8229C6362C81}.Release|ARM.Build.0 = Release|Any CPU
		{70706149-CD69-408E-943A-8229C6362C81}.Release|ARM.Deploy.0 = Release|Any CPU
		{70706149-CD69-408E-943A-8229C6362C81}.Release|iPhone.ActiveCfg = Release|Any CPU
		{70706149-CD69-408E-943A-8229C6362C81}.Release|iPhone.Build.0 = Release|Any CPU
		{70706149-CD69-408E-943A-8229C6362C81}.Release|iPhone.Deploy.0 = Release|Any CPU
		{70706149-CD69-408E-943A-8229C6362C81}.Release|iPhoneSimulator.ActiveCfg = Release|Any CPU
		{70706149-CD69-408E-943A-8229C6362C81}.Release|iPhoneSimulator.Build.0 = Release|Any CPU
		{70706149-CD69-408E-943A-8229C6362C81}.Release|iPhoneSimulator.Deploy.0 = Release|Any CPU
		{70706149-CD69-408E-943A-8229C6362C81}.Release|x64.ActiveCfg = Release|Any CPU
		{70706149-CD69-408E-943A-8229C6362C81}.Release|x64.Build.0 = Release|Any CPU
		{70706149-CD69-408E-943A-8229C6362C81}.Release|x64.Deploy.0 = Release|Any CPU
		{70706149-CD69-408E-943A-8229C6362C81}.Release|x86.ActiveCfg = Release|Any CPU
		{70706149-CD69-408E-943A-8229C6362C81}.Release|x86.Build.0 = Release|Any CPU
		{70706149-CD69-408E-943A-8229C6362C81}.Release|x86.Deploy.0 = Release|Any CPU
		{E76D5E1E-FDC5-410C-A469-5163CCD84374}.Ad-Hoc|Any CPU.ActiveCfg = Release|Any CPU
		{E76D5E1E-FDC5-410C-A469-5163CCD84374}.Ad-Hoc|Any CPU.Build.0 = Release|Any CPU
		{E76D5E1E-FDC5-410C-A469-5163CCD84374}.Ad-Hoc|ARM.ActiveCfg = Release|Any CPU
		{E76D5E1E-FDC5-410C-A469-5163CCD84374}.Ad-Hoc|ARM.Build.0 = Release|Any CPU
		{E76D5E1E-FDC5-410C-A469-5163CCD84374}.Ad-Hoc|iPhone.ActiveCfg = Release|Any CPU
		{E76D5E1E-FDC5-410C-A469-5163CCD84374}.Ad-Hoc|iPhone.Build.0 = Release|Any CPU
		{E76D5E1E-FDC5-410C-A469-5163CCD84374}.Ad-Hoc|iPhoneSimulator.ActiveCfg = Release|Any CPU
		{E76D5E1E-FDC5-410C-A469-5163CCD84374}.Ad-Hoc|iPhoneSimulator.Build.0 = Release|Any CPU
		{E76D5E1E-FDC5-410C-A469-5163CCD84374}.Ad-Hoc|x64.ActiveCfg = Release|Any CPU
		{E76D5E1E-FDC5-410C-A469-5163CCD84374}.Ad-Hoc|x64.Build.0 = Release|Any CPU
		{E76D5E1E-FDC5-410C-A469-5163CCD84374}.Ad-Hoc|x86.ActiveCfg = Release|Any CPU
		{E76D5E1E-FDC5-410C-A469-5163CCD84374}.Ad-Hoc|x86.Build.0 = Release|Any CPU
		{E76D5E1E-FDC5-410C-A469-5163CCD84374}.AppStore|Any CPU.ActiveCfg = Release|Any CPU
		{E76D5E1E-FDC5-410C-A469-5163CCD84374}.AppStore|Any CPU.Build.0 = Release|Any CPU
		{E76D5E1E-FDC5-410C-A469-5163CCD84374}.AppStore|ARM.ActiveCfg = Release|Any CPU
		{E76D5E1E-FDC5-410C-A469-5163CCD84374}.AppStore|ARM.Build.0 = Release|Any CPU
		{E76D5E1E-FDC5-410C-A469-5163CCD84374}.AppStore|iPhone.ActiveCfg = Release|Any CPU
		{E76D5E1E-FDC5-410C-A469-5163CCD84374}.AppStore|iPhone.Build.0 = Release|Any CPU
		{E76D5E1E-FDC5-410C-A469-5163CCD84374}.AppStore|iPhoneSimulator.ActiveCfg = Release|Any CPU
		{E76D5E1E-FDC5-410C-A469-5163CCD84374}.AppStore|iPhoneSimulator.Build.0 = Release|Any CPU
		{E76D5E1E-FDC5-410C-A469-5163CCD84374}.AppStore|x64.ActiveCfg = Release|Any CPU
		{E76D5E1E-FDC5-410C-A469-5163CCD84374}.AppStore|x64.Build.0 = Release|Any CPU
		{E76D5E1E-FDC5-410C-A469-5163CCD84374}.AppStore|x86.ActiveCfg = Release|Any CPU
		{E76D5E1E-FDC5-410C-A469-5163CCD84374}.AppStore|x86.Build.0 = Release|Any CPU
		{E76D5E1E-FDC5-410C-A469-5163CCD84374}.Debug|Any CPU.ActiveCfg = Debug|Any CPU
		{E76D5E1E-FDC5-410C-A469-5163CCD84374}.Debug|Any CPU.Build.0 = Debug|Any CPU
		{E76D5E1E-FDC5-410C-A469-5163CCD84374}.Debug|ARM.ActiveCfg = Debug|Any CPU
		{E76D5E1E-FDC5-410C-A469-5163CCD84374}.Debug|ARM.Build.0 = Debug|Any CPU
		{E76D5E1E-FDC5-410C-A469-5163CCD84374}.Debug|iPhone.ActiveCfg = Debug|Any CPU
		{E76D5E1E-FDC5-410C-A469-5163CCD84374}.Debug|iPhone.Build.0 = Debug|Any CPU
		{E76D5E1E-FDC5-410C-A469-5163CCD84374}.Debug|iPhoneSimulator.ActiveCfg = Debug|Any CPU
		{E76D5E1E-FDC5-410C-A469-5163CCD84374}.Debug|iPhoneSimulator.Build.0 = Debug|Any CPU
		{E76D5E1E-FDC5-410C-A469-5163CCD84374}.Debug|x64.ActiveCfg = Debug|Any CPU
		{E76D5E1E-FDC5-410C-A469-5163CCD84374}.Debug|x64.Build.0 = Debug|Any CPU
		{E76D5E1E-FDC5-410C-A469-5163CCD84374}.Debug|x86.ActiveCfg = Debug|Any CPU
		{E76D5E1E-FDC5-410C-A469-5163CCD84374}.Debug|x86.Build.0 = Debug|Any CPU
		{E76D5E1E-FDC5-410C-A469-5163CCD84374}.Release|Any CPU.ActiveCfg = Release|Any CPU
		{E76D5E1E-FDC5-410C-A469-5163CCD84374}.Release|Any CPU.Build.0 = Release|Any CPU
		{E76D5E1E-FDC5-410C-A469-5163CCD84374}.Release|ARM.ActiveCfg = Release|Any CPU
		{E76D5E1E-FDC5-410C-A469-5163CCD84374}.Release|ARM.Build.0 = Release|Any CPU
		{E76D5E1E-FDC5-410C-A469-5163CCD84374}.Release|iPhone.ActiveCfg = Release|Any CPU
		{E76D5E1E-FDC5-410C-A469-5163CCD84374}.Release|iPhone.Build.0 = Release|Any CPU
		{E76D5E1E-FDC5-410C-A469-5163CCD84374}.Release|iPhoneSimulator.ActiveCfg = Release|Any CPU
		{E76D5E1E-FDC5-410C-A469-5163CCD84374}.Release|iPhoneSimulator.Build.0 = Release|Any CPU
		{E76D5E1E-FDC5-410C-A469-5163CCD84374}.Release|x64.ActiveCfg = Release|Any CPU
		{E76D5E1E-FDC5-410C-A469-5163CCD84374}.Release|x64.Build.0 = Release|Any CPU
		{E76D5E1E-FDC5-410C-A469-5163CCD84374}.Release|x86.ActiveCfg = Release|Any CPU
		{E76D5E1E-FDC5-410C-A469-5163CCD84374}.Release|x86.Build.0 = Release|Any CPU
		{160D2ACB-50B9-47C9-AE1D-C9D14C71DD49}.Ad-Hoc|Any CPU.ActiveCfg = Release|x86
		{160D2ACB-50B9-47C9-AE1D-C9D14C71DD49}.Ad-Hoc|Any CPU.Build.0 = Release|x86
		{160D2ACB-50B9-47C9-AE1D-C9D14C71DD49}.Ad-Hoc|Any CPU.Deploy.0 = Release|x86
		{160D2ACB-50B9-47C9-AE1D-C9D14C71DD49}.Ad-Hoc|ARM.ActiveCfg = Release|ARM
		{160D2ACB-50B9-47C9-AE1D-C9D14C71DD49}.Ad-Hoc|ARM.Build.0 = Release|ARM
		{160D2ACB-50B9-47C9-AE1D-C9D14C71DD49}.Ad-Hoc|ARM.Deploy.0 = Release|ARM
		{160D2ACB-50B9-47C9-AE1D-C9D14C71DD49}.Ad-Hoc|iPhone.ActiveCfg = Release|x86
		{160D2ACB-50B9-47C9-AE1D-C9D14C71DD49}.Ad-Hoc|iPhone.Build.0 = Release|x86
		{160D2ACB-50B9-47C9-AE1D-C9D14C71DD49}.Ad-Hoc|iPhone.Deploy.0 = Release|x86
		{160D2ACB-50B9-47C9-AE1D-C9D14C71DD49}.Ad-Hoc|iPhoneSimulator.ActiveCfg = Release|x86
		{160D2ACB-50B9-47C9-AE1D-C9D14C71DD49}.Ad-Hoc|iPhoneSimulator.Build.0 = Release|x86
		{160D2ACB-50B9-47C9-AE1D-C9D14C71DD49}.Ad-Hoc|iPhoneSimulator.Deploy.0 = Release|x86
		{160D2ACB-50B9-47C9-AE1D-C9D14C71DD49}.Ad-Hoc|x64.ActiveCfg = Release|x64
		{160D2ACB-50B9-47C9-AE1D-C9D14C71DD49}.Ad-Hoc|x64.Build.0 = Release|x64
		{160D2ACB-50B9-47C9-AE1D-C9D14C71DD49}.Ad-Hoc|x64.Deploy.0 = Release|x64
		{160D2ACB-50B9-47C9-AE1D-C9D14C71DD49}.Ad-Hoc|x86.ActiveCfg = Release|x86
		{160D2ACB-50B9-47C9-AE1D-C9D14C71DD49}.Ad-Hoc|x86.Build.0 = Release|x86
		{160D2ACB-50B9-47C9-AE1D-C9D14C71DD49}.Ad-Hoc|x86.Deploy.0 = Release|x86
		{160D2ACB-50B9-47C9-AE1D-C9D14C71DD49}.AppStore|Any CPU.ActiveCfg = Release|x86
		{160D2ACB-50B9-47C9-AE1D-C9D14C71DD49}.AppStore|Any CPU.Build.0 = Release|x86
		{160D2ACB-50B9-47C9-AE1D-C9D14C71DD49}.AppStore|Any CPU.Deploy.0 = Release|x86
		{160D2ACB-50B9-47C9-AE1D-C9D14C71DD49}.AppStore|ARM.ActiveCfg = Release|ARM
		{160D2ACB-50B9-47C9-AE1D-C9D14C71DD49}.AppStore|ARM.Build.0 = Release|ARM
		{160D2ACB-50B9-47C9-AE1D-C9D14C71DD49}.AppStore|ARM.Deploy.0 = Release|ARM
		{160D2ACB-50B9-47C9-AE1D-C9D14C71DD49}.AppStore|iPhone.ActiveCfg = Release|x86
		{160D2ACB-50B9-47C9-AE1D-C9D14C71DD49}.AppStore|iPhone.Build.0 = Release|x86
		{160D2ACB-50B9-47C9-AE1D-C9D14C71DD49}.AppStore|iPhone.Deploy.0 = Release|x86
		{160D2ACB-50B9-47C9-AE1D-C9D14C71DD49}.AppStore|iPhoneSimulator.ActiveCfg = Release|x86
		{160D2ACB-50B9-47C9-AE1D-C9D14C71DD49}.AppStore|iPhoneSimulator.Build.0 = Release|x86
		{160D2ACB-50B9-47C9-AE1D-C9D14C71DD49}.AppStore|iPhoneSimulator.Deploy.0 = Release|x86
		{160D2ACB-50B9-47C9-AE1D-C9D14C71DD49}.AppStore|x64.ActiveCfg = Release|x64
		{160D2ACB-50B9-47C9-AE1D-C9D14C71DD49}.AppStore|x64.Build.0 = Release|x64
		{160D2ACB-50B9-47C9-AE1D-C9D14C71DD49}.AppStore|x64.Deploy.0 = Release|x64
		{160D2ACB-50B9-47C9-AE1D-C9D14C71DD49}.AppStore|x86.ActiveCfg = Release|x86
		{160D2ACB-50B9-47C9-AE1D-C9D14C71DD49}.AppStore|x86.Build.0 = Release|x86
		{160D2ACB-50B9-47C9-AE1D-C9D14C71DD49}.AppStore|x86.Deploy.0 = Release|x86
		{160D2ACB-50B9-47C9-AE1D-C9D14C71DD49}.Debug|Any CPU.ActiveCfg = Debug|x86
		{160D2ACB-50B9-47C9-AE1D-C9D14C71DD49}.Debug|ARM.ActiveCfg = Debug|ARM
		{160D2ACB-50B9-47C9-AE1D-C9D14C71DD49}.Debug|ARM.Build.0 = Debug|ARM
		{160D2ACB-50B9-47C9-AE1D-C9D14C71DD49}.Debug|ARM.Deploy.0 = Debug|ARM
		{160D2ACB-50B9-47C9-AE1D-C9D14C71DD49}.Debug|iPhone.ActiveCfg = Debug|x86
		{160D2ACB-50B9-47C9-AE1D-C9D14C71DD49}.Debug|iPhoneSimulator.ActiveCfg = Debug|x86
		{160D2ACB-50B9-47C9-AE1D-C9D14C71DD49}.Debug|x64.ActiveCfg = Debug|x64
		{160D2ACB-50B9-47C9-AE1D-C9D14C71DD49}.Debug|x64.Build.0 = Debug|x64
		{160D2ACB-50B9-47C9-AE1D-C9D14C71DD49}.Debug|x64.Deploy.0 = Debug|x64
		{160D2ACB-50B9-47C9-AE1D-C9D14C71DD49}.Debug|x86.ActiveCfg = Debug|x86
		{160D2ACB-50B9-47C9-AE1D-C9D14C71DD49}.Debug|x86.Build.0 = Debug|x86
		{160D2ACB-50B9-47C9-AE1D-C9D14C71DD49}.Debug|x86.Deploy.0 = Debug|x86
		{160D2ACB-50B9-47C9-AE1D-C9D14C71DD49}.Release|Any CPU.ActiveCfg = Release|x86
		{160D2ACB-50B9-47C9-AE1D-C9D14C71DD49}.Release|ARM.ActiveCfg = Release|ARM
		{160D2ACB-50B9-47C9-AE1D-C9D14C71DD49}.Release|ARM.Build.0 = Release|ARM
		{160D2ACB-50B9-47C9-AE1D-C9D14C71DD49}.Release|ARM.Deploy.0 = Release|ARM
		{160D2ACB-50B9-47C9-AE1D-C9D14C71DD49}.Release|iPhone.ActiveCfg = Release|x86
		{160D2ACB-50B9-47C9-AE1D-C9D14C71DD49}.Release|iPhoneSimulator.ActiveCfg = Release|x86
		{160D2ACB-50B9-47C9-AE1D-C9D14C71DD49}.Release|x64.ActiveCfg = Release|x64
		{160D2ACB-50B9-47C9-AE1D-C9D14C71DD49}.Release|x64.Build.0 = Release|x64
		{160D2ACB-50B9-47C9-AE1D-C9D14C71DD49}.Release|x64.Deploy.0 = Release|x64
		{160D2ACB-50B9-47C9-AE1D-C9D14C71DD49}.Release|x86.ActiveCfg = Release|x86
		{160D2ACB-50B9-47C9-AE1D-C9D14C71DD49}.Release|x86.Build.0 = Release|x86
		{160D2ACB-50B9-47C9-AE1D-C9D14C71DD49}.Release|x86.Deploy.0 = Release|x86
		{BBD2397F-6BE6-476B-8E4A-D535416C07C7}.Ad-Hoc|Any CPU.ActiveCfg = Ad-Hoc|iPhone
		{BBD2397F-6BE6-476B-8E4A-D535416C07C7}.Ad-Hoc|ARM.ActiveCfg = Ad-Hoc|iPhone
		{BBD2397F-6BE6-476B-8E4A-D535416C07C7}.Ad-Hoc|iPhone.ActiveCfg = Ad-Hoc|iPhone
		{BBD2397F-6BE6-476B-8E4A-D535416C07C7}.Ad-Hoc|iPhone.Build.0 = Ad-Hoc|iPhone
		{BBD2397F-6BE6-476B-8E4A-D535416C07C7}.Ad-Hoc|iPhoneSimulator.ActiveCfg = Ad-Hoc|iPhoneSimulator
		{BBD2397F-6BE6-476B-8E4A-D535416C07C7}.Ad-Hoc|iPhoneSimulator.Build.0 = Ad-Hoc|iPhoneSimulator
		{BBD2397F-6BE6-476B-8E4A-D535416C07C7}.Ad-Hoc|x64.ActiveCfg = Ad-Hoc|iPhone
		{BBD2397F-6BE6-476B-8E4A-D535416C07C7}.Ad-Hoc|x86.ActiveCfg = Ad-Hoc|iPhone
		{BBD2397F-6BE6-476B-8E4A-D535416C07C7}.AppStore|Any CPU.ActiveCfg = AppStore|iPhone
		{BBD2397F-6BE6-476B-8E4A-D535416C07C7}.AppStore|ARM.ActiveCfg = AppStore|iPhone
		{BBD2397F-6BE6-476B-8E4A-D535416C07C7}.AppStore|iPhone.ActiveCfg = AppStore|iPhone
		{BBD2397F-6BE6-476B-8E4A-D535416C07C7}.AppStore|iPhone.Build.0 = AppStore|iPhone
		{BBD2397F-6BE6-476B-8E4A-D535416C07C7}.AppStore|iPhoneSimulator.ActiveCfg = AppStore|iPhoneSimulator
		{BBD2397F-6BE6-476B-8E4A-D535416C07C7}.AppStore|iPhoneSimulator.Build.0 = AppStore|iPhoneSimulator
		{BBD2397F-6BE6-476B-8E4A-D535416C07C7}.AppStore|x64.ActiveCfg = AppStore|iPhone
		{BBD2397F-6BE6-476B-8E4A-D535416C07C7}.AppStore|x86.ActiveCfg = AppStore|iPhone
		{BBD2397F-6BE6-476B-8E4A-D535416C07C7}.Debug|Any CPU.ActiveCfg = Debug|iPhone
		{BBD2397F-6BE6-476B-8E4A-D535416C07C7}.Debug|ARM.ActiveCfg = Debug|iPhone
		{BBD2397F-6BE6-476B-8E4A-D535416C07C7}.Debug|iPhone.ActiveCfg = Debug|iPhone
		{BBD2397F-6BE6-476B-8E4A-D535416C07C7}.Debug|iPhone.Build.0 = Debug|iPhone
		{BBD2397F-6BE6-476B-8E4A-D535416C07C7}.Debug|iPhoneSimulator.ActiveCfg = Debug|iPhoneSimulator
		{BBD2397F-6BE6-476B-8E4A-D535416C07C7}.Debug|iPhoneSimulator.Build.0 = Debug|iPhoneSimulator
		{BBD2397F-6BE6-476B-8E4A-D535416C07C7}.Debug|x64.ActiveCfg = Debug|iPhone
		{BBD2397F-6BE6-476B-8E4A-D535416C07C7}.Debug|x86.ActiveCfg = Debug|iPhone
		{BBD2397F-6BE6-476B-8E4A-D535416C07C7}.Release|Any CPU.ActiveCfg = Release|iPhone
		{BBD2397F-6BE6-476B-8E4A-D535416C07C7}.Release|ARM.ActiveCfg = Release|iPhone
		{BBD2397F-6BE6-476B-8E4A-D535416C07C7}.Release|iPhone.ActiveCfg = Release|iPhone
		{BBD2397F-6BE6-476B-8E4A-D535416C07C7}.Release|iPhone.Build.0 = Release|iPhone
		{BBD2397F-6BE6-476B-8E4A-D535416C07C7}.Release|iPhoneSimulator.ActiveCfg = Release|iPhoneSimulator
		{BBD2397F-6BE6-476B-8E4A-D535416C07C7}.Release|iPhoneSimulator.Build.0 = Release|iPhoneSimulator
		{BBD2397F-6BE6-476B-8E4A-D535416C07C7}.Release|x64.ActiveCfg = Release|iPhone
		{BBD2397F-6BE6-476B-8E4A-D535416C07C7}.Release|x86.ActiveCfg = Release|iPhone
	EndGlobalSection
	GlobalSection(SolutionProperties) = preSolution
		HideSolutionNode = FALSE
	EndGlobalSection
	GlobalSection(NestedProjects) = preSolution
		{C1945C35-F69C-46A6-BF27-27034AAC85E0} = {83128FF7-6D49-4616-83C7-7D64815094EB}
		{9B888160-81DB-48F6-9C76-FF7844F34541} = {83128FF7-6D49-4616-83C7-7D64815094EB}
		{83128FF7-6D49-4616-83C7-7D64815094EB} = {16DF18AF-3AA8-4814-9BBA-CEEDADF6FC32}
		{C9FD27B3-E49B-4597-85FC-6D164300D194} = {16DF18AF-3AA8-4814-9BBA-CEEDADF6FC32}
		{70706149-CD69-408E-943A-8229C6362C81} = {C9FD27B3-E49B-4597-85FC-6D164300D194}
		{E76D5E1E-FDC5-410C-A469-5163CCD84374} = {C9FD27B3-E49B-4597-85FC-6D164300D194}
		{160D2ACB-50B9-47C9-AE1D-C9D14C71DD49} = {C9FD27B3-E49B-4597-85FC-6D164300D194}
		{BBD2397F-6BE6-476B-8E4A-D535416C07C7} = {C9FD27B3-E49B-4597-85FC-6D164300D194}
	EndGlobalSection
EndGlobal
