
Microsoft Visual Studio Solution File, Format Version 12.00
# Visual Studio 15
VisualStudioVersion = 15.0.26430.14
MinimumVisualStudioVersion = 10.0.40219.1
Project("{FAE04EC0-301F-11D3-BF4B-00C04F79EFBC}") = "XamarinSample.Backend", "XamarinSample.Backend\XamarinSample.Backend.csproj", "{C1945C35-F69C-46A6-BF27-27034AAC85E0}"
EndProject
Project("{FAE04EC0-301F-11D3-BF4B-00C04F79EFBC}") = "XamarinSample.Backend.Tests", "XamarinSample.Backend.Tests\XamarinSample.Backend.Tests.csproj", "{9B888160-81DB-48F6-9C76-FF7844F34541}"
EndProject
Global
	GlobalSection(SolutionConfigurationPlatforms) = preSolution
		Debug|Any CPU = Debug|Any CPU
		Release|Any CPU = Release|Any CPU
	EndGlobalSection
	GlobalSection(ProjectConfigurationPlatforms) = postSolution
		{C1945C35-F69C-46A6-BF27-27034AAC85E0}.Debug|Any CPU.ActiveCfg = Debug|Any CPU
		{C1945C35-F69C-46A6-BF27-27034AAC85E0}.Debug|Any CPU.Build.0 = Debug|Any CPU
		{C1945C35-F69C-46A6-BF27-27034AAC85E0}.Release|Any CPU.ActiveCfg = Release|Any CPU
		{C1945C35-F69C-46A6-BF27-27034AAC85E0}.Release|Any CPU.Build.0 = Release|Any CPU
		{9B888160-81DB-48F6-9C76-FF7844F34541}.Debug|Any CPU.ActiveCfg = Debug|Any CPU
		{9B888160-81DB-48F6-9C76-FF7844F34541}.Debug|Any CPU.Build.0 = Debug|Any CPU
		{9B888160-81DB-48F6-9C76-FF7844F34541}.Release|Any CPU.ActiveCfg = Release|Any CPU
		{9B888160-81DB-48F6-9C76-FF7844F34541}.Release|Any CPU.Build.0 = Release|Any CPU
	EndGlobalSection
	GlobalSection(SolutionProperties) = preSolution
		HideSolutionNode = FALSE
	EndGlobalSection
EndGlobal
